
Microsoft Visual Studio Solution File, Format Version 12.00
# Visual Studio 15
VisualStudioVersion = 15.0.27004.2005
MinimumVisualStudioVersion = 10.0.40219.1
Project("{FAE04EC0-301F-11D3-BF4B-00C04F79EFBC}") = "Tunnikontroll", "Tunnikontroll\Tunnikontroll.csproj", "{83A4B600-8CFC-4C9C-BCF3-3A0DF52EE0B9}"
EndProject
Project("{FAE04EC0-301F-11D3-BF4B-00C04F79EFBC}") = "ConsoleApp1", "ConsoleApp1\ConsoleApp1.csproj", "{5427DEC2-9D6D-4B78-86A2-F823811FA962}"
EndProject
Global
	GlobalSection(SolutionConfigurationPlatforms) = preSolution
		Debug|Any CPU = Debug|Any CPU
		Release|Any CPU = Release|Any CPU
	EndGlobalSection
	GlobalSection(ProjectConfigurationPlatforms) = postSolution
		{83A4B600-8CFC-4C9C-BCF3-3A0DF52EE0B9}.Debug|Any CPU.ActiveCfg = Debug|Any CPU
		{83A4B600-8CFC-4C9C-BCF3-3A0DF52EE0B9}.Debug|Any CPU.Build.0 = Debug|Any CPU
		{83A4B600-8CFC-4C9C-BCF3-3A0DF52EE0B9}.Release|Any CPU.ActiveCfg = Release|Any CPU
		{83A4B600-8CFC-4C9C-BCF3-3A0DF52EE0B9}.Release|Any CPU.Build.0 = Release|Any CPU
		{5427DEC2-9D6D-4B78-86A2-F823811FA962}.Debug|Any CPU.ActiveCfg = Debug|Any CPU
		{5427DEC2-9D6D-4B78-86A2-F823811FA962}.Debug|Any CPU.Build.0 = Debug|Any CPU
		{5427DEC2-9D6D-4B78-86A2-F823811FA962}.Release|Any CPU.ActiveCfg = Release|Any CPU
		{5427DEC2-9D6D-4B78-86A2-F823811FA962}.Release|Any CPU.Build.0 = Release|Any CPU
	EndGlobalSection
	GlobalSection(SolutionProperties) = preSolution
		HideSolutionNode = FALSE
	EndGlobalSection
	GlobalSection(ExtensibilityGlobals) = postSolution
		SolutionGuid = {65E13FC3-3EF2-44C5-9CA1-F92CDD0DB080}
	EndGlobalSection
EndGlobal
